
Microsoft Visual Studio Solution File, Format Version 12.00
# Visual Studio Version 16
VisualStudioVersion = 16.0.31129.286
MinimumVisualStudioVersion = 10.0.40219.1
Project("{FAE04EC0-301F-11D3-BF4B-00C04F79EFBC}") = "intoBlazor", "intoBlazor\intoBlazor.csproj", "{D5619189-FB7C-4964-9FA3-3423E8B8D31B}"
EndProject
Global
	GlobalSection(SolutionConfigurationPlatforms) = preSolution
		Debug|Any CPU = Debug|Any CPU
		Release|Any CPU = Release|Any CPU
	EndGlobalSection
	GlobalSection(ProjectConfigurationPlatforms) = postSolution
		{D5619189-FB7C-4964-9FA3-3423E8B8D31B}.Debug|Any CPU.ActiveCfg = Debug|Any CPU
		{D5619189-FB7C-4964-9FA3-3423E8B8D31B}.Debug|Any CPU.Build.0 = Debug|Any CPU
		{D5619189-FB7C-4964-9FA3-3423E8B8D31B}.Release|Any CPU.ActiveCfg = Release|Any CPU
		{D5619189-FB7C-4964-9FA3-3423E8B8D31B}.Release|Any CPU.Build.0 = Release|Any CPU
	EndGlobalSection
	GlobalSection(SolutionProperties) = preSolution
		HideSolutionNode = FALSE
	EndGlobalSection
	GlobalSection(ExtensibilityGlobals) = postSolution
		SolutionGuid = {25A9C055-C606-43D2-9B1D-562795788B9D}
	EndGlobalSection
EndGlobal
